
Microsoft Visual Studio Solution File, Format Version 12.00
# Visual Studio Version 17
VisualStudioVersion = 17.10.35201.131
MinimumVisualStudioVersion = 10.0.40219.1
Project("{9A19103F-16F7-4668-BE54-9A1E7A4F7556}") = "anime", "anime\build\anime.csproj", "{3383819D-79F1-4359-895D-A6FC187EAD92}"
EndProject
Project("{9A19103F-16F7-4668-BE54-9A1E7A4F7556}") = "build_lego_catalog", "lego_catalog\build_lego_catalog\build_lego_catalog.csproj", "{42D18273-31D2-4873-906F-FE5E5818BA36}"
EndProject
Global
	GlobalSection(SolutionConfigurationPlatforms) = preSolution
		Debug|Any CPU = Debug|Any CPU
		Release|Any CPU = Release|Any CPU
	EndGlobalSection
	GlobalSection(ProjectConfigurationPlatforms) = postSolution
		{3383819D-79F1-4359-895D-A6FC187EAD92}.Debug|Any CPU.ActiveCfg = Debug|Any CPU
		{3383819D-79F1-4359-895D-A6FC187EAD92}.Debug|Any CPU.Build.0 = Debug|Any CPU
		{3383819D-79F1-4359-895D-A6FC187EAD92}.Release|Any CPU.ActiveCfg = Release|Any CPU
		{3383819D-79F1-4359-895D-A6FC187EAD92}.Release|Any CPU.Build.0 = Release|Any CPU
		{42D18273-31D2-4873-906F-FE5E5818BA36}.Debug|Any CPU.ActiveCfg = Debug|Any CPU
		{42D18273-31D2-4873-906F-FE5E5818BA36}.Debug|Any CPU.Build.0 = Debug|Any CPU
		{42D18273-31D2-4873-906F-FE5E5818BA36}.Release|Any CPU.ActiveCfg = Release|Any CPU
		{42D18273-31D2-4873-906F-FE5E5818BA36}.Release|Any CPU.Build.0 = Release|Any CPU
	EndGlobalSection
	GlobalSection(SolutionProperties) = preSolution
		HideSolutionNode = FALSE
	EndGlobalSection
	GlobalSection(ExtensibilityGlobals) = postSolution
		SolutionGuid = {913E2B6F-73D3-4D8D-B460-3C198F36864C}
	EndGlobalSection
EndGlobal
